
Microsoft Visual Studio Solution File, Format Version 12.00
# Visual Studio Version 16
VisualStudioVersion = 16.0.29503.13
MinimumVisualStudioVersion = 10.0.40219.1
Project("{FAE04EC0-301F-11D3-BF4B-00C04F79EFBC}") = "CodeFirstApproac", "CodeFirstApproac\CodeFirstApproac.csproj", "{4F9C20D2-9895-470D-A5C1-39589CBC1C78}"
EndProject
Global
	GlobalSection(SolutionConfigurationPlatforms) = preSolution
		Debug|Any CPU = Debug|Any CPU
		Release|Any CPU = Release|Any CPU
	EndGlobalSection
	GlobalSection(ProjectConfigurationPlatforms) = postSolution
		{4F9C20D2-9895-470D-A5C1-39589CBC1C78}.Debug|Any CPU.ActiveCfg = Debug|Any CPU
		{4F9C20D2-9895-470D-A5C1-39589CBC1C78}.Debug|Any CPU.Build.0 = Debug|Any CPU
		{4F9C20D2-9895-470D-A5C1-39589CBC1C78}.Release|Any CPU.ActiveCfg = Release|Any CPU
		{4F9C20D2-9895-470D-A5C1-39589CBC1C78}.Release|Any CPU.Build.0 = Release|Any CPU
	EndGlobalSection
	GlobalSection(SolutionProperties) = preSolution
		HideSolutionNode = FALSE
	EndGlobalSection
	GlobalSection(ExtensibilityGlobals) = postSolution
		SolutionGuid = {C0DD09B5-2CFD-43C6-96FA-5AD0E441D1F1}
	EndGlobalSection
EndGlobal
